
Microsoft Visual Studio Solution File, Format Version 12.00
# Visual Studio Version 16
VisualStudioVersion = 25.0.1706.6
MinimumVisualStudioVersion = 10.0.40219.1
Project("{FAE04EC0-301F-11D3-BF4B-00C04F79EFBC}") = "Booksi", "Booksi\Booksi.csproj", "{3E4AD8CA-54FB-435B-81EF-5814111B638C}"
EndProject
Project("{FAE04EC0-301F-11D3-BF4B-00C04F79EFBC}") = "Booksi.DataAccess", "Booksi.DataAccess\Booksi.DataAccess.csproj", "{2EDDB966-A831-4D65-AC80-783D857F1F10}"
EndProject
Project("{FAE04EC0-301F-11D3-BF4B-00C04F79EFBC}") = "Booksi.Models", "Booksi.Models\Booksi.Models.csproj", "{E9267A21-5044-4FB0-AD10-4181782B4B5E}"
EndProject
Project("{FAE04EC0-301F-11D3-BF4B-00C04F79EFBC}") = "Booksi.Utility", "Booksi.Utility\Booksi.Utility.csproj", "{5584B600-01BE-421E-A442-3383528CD695}"
EndProject
Project("{FAE04EC0-301F-11D3-BF4B-00C04F79EFBC}") = "Booksi.PlaywrightRunner", "Booksi.PlaywrightRunner\Booksi.PlaywrightRunner.csproj", "{4036CA49-6842-4B2C-821B-62CE90AAB3B2}"
EndProject
Project("{FAE04EC0-301F-11D3-BF4B-00C04F79EFBC}") = "Booksi.Runner", "Booksi.Runner\Booksi.Runner.csproj", "{E79D66F6-79F3-4ADB-817E-FB1F0BE36D4B}"
EndProject
Project("{FAE04EC0-301F-11D3-BF4B-00C04F79EFBC}") = "Booksi.Tools", "Booksi.Tools\Booksi.Tools.csproj", "{D1561C30-0434-4F32-ACA2-942519238F13}"
EndProject
Project("{FAE04EC0-301F-11D3-BF4B-00C04F79EFBC}") = "Booksi.Web", "Booksi.Web\Booksi.Web.csproj", "{78C0A001-6436-4A47-80E1-DA48E6D7511C}"
EndProject
Global
	GlobalSection(SolutionConfigurationPlatforms) = preSolution
		Debug|Any CPU = Debug|Any CPU
		Release|Any CPU = Release|Any CPU
	EndGlobalSection
	GlobalSection(ProjectConfigurationPlatforms) = postSolution
		{3E4AD8CA-54FB-435B-81EF-5814111B638C}.Debug|Any CPU.ActiveCfg = Debug|Any CPU
		{3E4AD8CA-54FB-435B-81EF-5814111B638C}.Debug|Any CPU.Build.0 = Debug|Any CPU
		{3E4AD8CA-54FB-435B-81EF-5814111B638C}.Release|Any CPU.ActiveCfg = Release|Any CPU
		{3E4AD8CA-54FB-435B-81EF-5814111B638C}.Release|Any CPU.Build.0 = Release|Any CPU
		{2EDDB966-A831-4D65-AC80-783D857F1F10}.Debug|Any CPU.ActiveCfg = Debug|Any CPU
		{2EDDB966-A831-4D65-AC80-783D857F1F10}.Debug|Any CPU.Build.0 = Debug|Any CPU
		{2EDDB966-A831-4D65-AC80-783D857F1F10}.Release|Any CPU.ActiveCfg = Release|Any CPU
		{2EDDB966-A831-4D65-AC80-783D857F1F10}.Release|Any CPU.Build.0 = Release|Any CPU
		{E9267A21-5044-4FB0-AD10-4181782B4B5E}.Debug|Any CPU.ActiveCfg = Debug|Any CPU
		{E9267A21-5044-4FB0-AD10-4181782B4B5E}.Debug|Any CPU.Build.0 = Debug|Any CPU
		{E9267A21-5044-4FB0-AD10-4181782B4B5E}.Release|Any CPU.ActiveCfg = Release|Any CPU
		{E9267A21-5044-4FB0-AD10-4181782B4B5E}.Release|Any CPU.Build.0 = Release|Any CPU
		{5584B600-01BE-421E-A442-3383528CD695}.Debug|Any CPU.ActiveCfg = Debug|Any CPU
		{5584B600-01BE-421E-A442-3383528CD695}.Debug|Any CPU.Build.0 = Debug|Any CPU
		{5584B600-01BE-421E-A442-3383528CD695}.Release|Any CPU.ActiveCfg = Release|Any CPU
		{5584B600-01BE-421E-A442-3383528CD695}.Release|Any CPU.Build.0 = Release|Any CPU
		{4036CA49-6842-4B2C-821B-62CE90AAB3B2}.Debug|Any CPU.ActiveCfg = Debug|Any CPU
		{4036CA49-6842-4B2C-821B-62CE90AAB3B2}.Debug|Any CPU.Build.0 = Debug|Any CPU
		{4036CA49-6842-4B2C-821B-62CE90AAB3B2}.Release|Any CPU.ActiveCfg = Release|Any CPU
		{4036CA49-6842-4B2C-821B-62CE90AAB3B2}.Release|Any CPU.Build.0 = Release|Any CPU
		{E79D66F6-79F3-4ADB-817E-FB1F0BE36D4B}.Debug|Any CPU.ActiveCfg = Debug|Any CPU
		{E79D66F6-79F3-4ADB-817E-FB1F0BE36D4B}.Debug|Any CPU.Build.0 = Debug|Any CPU
		{E79D66F6-79F3-4ADB-817E-FB1F0BE36D4B}.Release|Any CPU.ActiveCfg = Release|Any CPU
		{E79D66F6-79F3-4ADB-817E-FB1F0BE36D4B}.Release|Any CPU.Build.0 = Release|Any CPU
		{D1561C30-0434-4F32-ACA2-942519238F13}.Debug|Any CPU.ActiveCfg = Debug|Any CPU
		{D1561C30-0434-4F32-ACA2-942519238F13}.Debug|Any CPU.Build.0 = Debug|Any CPU
		{D1561C30-0434-4F32-ACA2-942519238F13}.Release|Any CPU.ActiveCfg = Release|Any CPU
		{D1561C30-0434-4F32-ACA2-942519238F13}.Release|Any CPU.Build.0 = Release|Any CPU
		{78C0A001-6436-4A47-80E1-DA48E6D7511C}.Debug|Any CPU.ActiveCfg = Debug|Any CPU
		{78C0A001-6436-4A47-80E1-DA48E6D7511C}.Debug|Any CPU.Build.0 = Debug|Any CPU
		{78C0A001-6436-4A47-80E1-DA48E6D7511C}.Release|Any CPU.ActiveCfg = Release|Any CPU
		{78C0A001-6436-4A47-80E1-DA48E6D7511C}.Release|Any CPU.Build.0 = Release|Any CPU
	EndGlobalSection
	GlobalSection(SolutionProperties) = preSolution
		HideSolutionNode = FALSE
	EndGlobalSection
	GlobalSection(ExtensibilityGlobals) = postSolution
		SolutionGuid = {2F563670-28CF-4986-A901-32468C6DB93F}
	EndGlobalSection
EndGlobal
